
Microsoft Visual Studio Solution File, Format Version 12.00
# Visual Studio 15
VisualStudioVersion = 15.0.28307.902
MinimumVisualStudioVersion = 10.0.40219.1
Project("{FAE04EC0-301F-11D3-BF4B-00C04F79EFBC}") = "TeacherSubject", "TeacherSubject\TeacherSubject.csproj", "{8FB231FC-F377-46A2-9D1A-2DC25CCCAB7A}"
EndProject
Global
	GlobalSection(SolutionConfigurationPlatforms) = preSolution
		Debug|Any CPU = Debug|Any CPU
		Release|Any CPU = Release|Any CPU
	EndGlobalSection
	GlobalSection(ProjectConfigurationPlatforms) = postSolution
		{8FB231FC-F377-46A2-9D1A-2DC25CCCAB7A}.Debug|Any CPU.ActiveCfg = Debug|Any CPU
		{8FB231FC-F377-46A2-9D1A-2DC25CCCAB7A}.Debug|Any CPU.Build.0 = Debug|Any CPU
		{8FB231FC-F377-46A2-9D1A-2DC25CCCAB7A}.Release|Any CPU.ActiveCfg = Release|Any CPU
		{8FB231FC-F377-46A2-9D1A-2DC25CCCAB7A}.Release|Any CPU.Build.0 = Release|Any CPU
	EndGlobalSection
	GlobalSection(SolutionProperties) = preSolution
		HideSolutionNode = FALSE
	EndGlobalSection
	GlobalSection(ExtensibilityGlobals) = postSolution
		SolutionGuid = {A4C4C90D-1D8A-4E6E-A560-B25175268DE9}
	EndGlobalSection
EndGlobal
